{
  "version": 4,
  "terraform_version": "1.3.7",
  "serial": 8,
  "lineage": "eec2520b-c3e5-7287-e377-827021773b05",
  "outputs": {},
  "resources": [
    {
      "mode": "data",
      "type": "digitalocean_ssh_key",
      "name": "example",
      "provider": "provider[\"registry.terraform.io/digitalocean/digitalocean\"]",
      "instances": [
        {
          "schema_version": 0,
          "attributes": {
            "fingerprint": "81:bf:30:26:00:11:f3:dd:cf:86:d8:ae:06:78:6e:7f",
            "id": 37361999,
            "name": "Jornada",
            "public_key": "ssh-rsa AAAAB3NzaC1yc2EAAAADAQABAAABAQDBeHcXQI0pQM5TkkIYDpg2O2XhqJ90+rtON4HGNoqgtPgxk4eU7JXhyTimCalZ3xWyF8h6lxSxPFnbj0P+tz+PNALxS2cxq2VO+cbvZzF38OXTrskUNrTpu0jgi33RgR2Fu0Su4BOZI2n3l5sFK/6rqJ6chpoCPt4LK4RhjEpYxayys2D4XTCrX+pOIg1bxLGBS4JnJ9b9JOEWmtnQR/Bp86yA+PhVa+TKjxCzOdm1k4hUWm5cZ3osXAgLt5VLRTqVPiPStncX6YPIqRPMwPy3rghIx1/ZMTSIoU/hrVtgJS3OXFMS8i1i++j/5rB5ojM42ZrsR4qsgWUybdGi0ncV db1\\denis.lima@MGA10255\n"
          },
          "sensitive_attributes": []
        }
      ]
    },
    {
      "mode": "managed",
      "type": "digitalocean_droplet",
      "name": "jenkins",
      "provider": "provider[\"registry.terraform.io/digitalocean/digitalocean\"]",
      "instances": [
        {
          "schema_version": 1,
          "attributes": {
            "backups": false,
            "created_at": "2023-01-26T21:01:08Z",
            "disk": 60,
            "droplet_agent": null,
            "graceful_shutdown": false,
            "id": "337713082",
            "image": "ubuntu-22-04-x64",
            "ipv4_address": "159.223.178.219",
            "ipv4_address_private": "10.116.0.2",
            "ipv6": false,
            "ipv6_address": "",
            "locked": false,
            "memory": 2048,
            "monitoring": false,
            "name": "jujulinda",
            "price_hourly": 0.02679,
            "price_monthly": 18,
            "private_networking": true,
            "region": "nyc1",
            "resize_disk": true,
            "size": "s-2vcpu-2gb",
            "ssh_keys": [
              "37361999"
            ],
            "status": "active",
            "tags": [],
            "timeouts": null,
            "urn": "do:droplet:337713082",
            "user_data": null,
            "vcpus": 2,
            "volume_ids": [],
            "vpc_uuid": "5f8cd4e2-51f0-425f-b5a6-07173e0c661c"
          },
          "sensitive_attributes": [],
          "private": "eyJlMmJmYjczMC1lY2FhLTExZTYtOGY4OC0zNDM2M2JjN2M0YzAiOnsiY3JlYXRlIjozNjAwMDAwMDAwMDAwLCJkZWxldGUiOjYwMDAwMDAwMDAwLCJ1cGRhdGUiOjM2MDAwMDAwMDAwMDB9LCJzY2hlbWFfdmVyc2lvbiI6IjEifQ==",
          "dependencies": [
            "data.digitalocean_ssh_key.example"
          ]
        }
      ]
    }
  ],
  "check_results": null
}
